// !$*UTF8*$!
{
	archiveVersion = 1;
	classes = {
	};
	objectVersion = 46;
	objects = {
		D7BA7D76DAB5DD13389D6332 = {
			buildActionMask = 2147483647;
			files = (
				);
			generatedFileNames = (
				);
			isa = PBXShellScriptBuildPhase;
			name = "Qt Qmake";
			neededFileNames = (
				);
			shellPath = "/bin/sh";
			shellScript = "make\ -C\ /Users/jeff/Documents/CamView/camview/src\ -f\ \'test.xcodeproj/qt_makeqmake.mak\'";
		};
		BA386F3F0AFA61020AEABBB0 = {
			isa = PBXFileReference;
			name = "surfacerecord.cpp";
			path = "parser/record/surfacerecord.cpp";
			refType = 4;
			sourceTree = "SOURCE_ROOT";
			lastKnownFileType = "sourcecode.cpp.cpp";
		};
		87172A67A7C8B8929FE18164 = {
			fileRef = "BA386F3F0AFA61020AEABBB0";
			isa = PBXBuildFile;
			settings = {
				ATTRIBUTES = (
					);
			};
		};
		82ADF271E8B595B647517EB2 = {
			isa = PBXFileReference;
			name = "textrecord.cpp";
			path = "parser/record/textrecord.cpp";
			refType = 4;
			sourceTree = "SOURCE_ROOT";
			lastKnownFileType = "sourcecode.cpp.cpp";
		};
		5A5504D0CF714ADBB6C869CC = {
			fileRef = "82ADF271E8B595B647517EB2";
			isa = PBXBuildFile;
			settings = {
				ATTRIBUTES = (
					);
			};
		};
		98A6801500098393D09275EE = {
			isa = PBXFileReference;
			name = "padrecord.cpp";
			path = "parser/record/padrecord.cpp";
			refType = 4;
			sourceTree = "SOURCE_ROOT";
			lastKnownFileType = "sourcecode.cpp.cpp";
		};
		1EA76CA16924A408ACF110FF = {
			fileRef = "98A6801500098393D09275EE";
			isa = PBXBuildFile;
			settings = {
				ATTRIBUTES = (
					);
			};
		};
		A16531DD85887CECAFE07931 = {
			isa = PBXFileReference;
			name = "linerecord.cpp";
			path = "parser/record/linerecord.cpp";
			refType = 4;
			sourceTree = "SOURCE_ROOT";
			lastKnownFileType = "sourcecode.cpp.cpp";
		};
		320A30D3A24736D5953A9453 = {
			fileRef = "A16531DD85887CECAFE07931";
			isa = PBXBuildFile;
			settings = {
				ATTRIBUTES = (
					);
			};
		};
		BA9658432203437E7E9252E4 = {
			isa = PBXFileReference;
			name = "barcoderecord.cpp";
			path = "parser/record/barcoderecord.cpp";
			refType = 4;
			sourceTree = "SOURCE_ROOT";
			lastKnownFileType = "sourcecode.cpp.cpp";
		};
		F3E8B7B461F4FBF3C1F5086D = {
			fileRef = "BA9658432203437E7E9252E4";
			isa = PBXBuildFile;
			settings = {
				ATTRIBUTES = (
					);
			};
		};
		C85CBC4F0C57CA753AE10741 = {
			isa = PBXFileReference;
			name = "arcrecord.cpp";
			path = "parser/record/arcrecord.cpp";
			refType = 4;
			sourceTree = "SOURCE_ROOT";
			lastKnownFileType = "sourcecode.cpp.cpp";
		};
		DFB9C92B8D01AB1CE9DC5BD5 = {
			fileRef = "C85CBC4F0C57CA753AE10741";
			isa = PBXBuildFile;
			settings = {
				ATTRIBUTES = (
					);
			};
		};
		80156DE59168678FD2384A7A = {
			isa = PBXFileReference;
			name = "charrecord.cpp";
			path = "parser/record/charrecord.cpp";
			refType = 4;
			sourceTree = "SOURCE_ROOT";
			lastKnownFileType = "sourcecode.cpp.cpp";
		};
		D47E5DCA50EF3C1D6197E7A3 = {
			fileRef = "80156DE59168678FD2384A7A";
			isa = PBXBuildFile;
			settings = {
				ATTRIBUTES = (
					);
			};
		};
		9194185A05FB185A067E279D = {
			isa = PBXFileReference;
			name = "code39.cpp";
			path = "parser/record/code39.cpp";
			refType = 4;
			sourceTree = "SOURCE_ROOT";
			lastKnownFileType = "sourcecode.cpp.cpp";
		};
		0349A9810E63B0FD89DC75B1 = {
			fileRef = "9194185A05FB185A067E279D";
			isa = PBXBuildFile;
			settings = {
				ATTRIBUTES = (
					);
			};
		};
		045BCF0FB30D683F06B3A8FD = {
			isa = PBXFileReference;
			name = "parser.cpp";
			path = "parser/parser.cpp";
			refType = 4;
			sourceTree = "SOURCE_ROOT";
			lastKnownFileType = "sourcecode.cpp.cpp";
		};
		79FD50576696D8FCC19D3E74 = {
			fileRef = "045BCF0FB30D683F06B3A8FD";
			isa = PBXBuildFile;
			settings = {
				ATTRIBUTES = (
					);
			};
		};
		79D3185BCF118882484B83F7 = {
			isa = PBXFileReference;
			name = "structuredtextparser.cpp";
			path = "parser/structuredtextparser.cpp";
			refType = 4;
			sourceTree = "SOURCE_ROOT";
			lastKnownFileType = "sourcecode.cpp.cpp";
		};
		E3F0FD5112FD50F6C3135215 = {
			fileRef = "79D3185BCF118882484B83F7";
			isa = PBXBuildFile;
			settings = {
				ATTRIBUTES = (
					);
			};
		};
		95BF5CEF23DCBF7A68C7A4BF = {
			isa = PBXFileReference;
			name = "featuresparser.cpp";
			path = "parser/featuresparser.cpp";
			refType = 4;
			sourceTree = "SOURCE_ROOT";
			lastKnownFileType = "sourcecode.cpp.cpp";
		};
		B858A4B2424E2C74948A0687 = {
			fileRef = "95BF5CEF23DCBF7A68C7A4BF";
			isa = PBXBuildFile;
			settings = {
				ATTRIBUTES = (
					);
			};
		};
		7ADDB8FA3804BAC0EFFD7523 = {
			isa = PBXFileReference;
			name = "fontparser.cpp";
			path = "parser/fontparser.cpp";
			refType = 4;
			sourceTree = "SOURCE_ROOT";
			lastKnownFileType = "sourcecode.cpp.cpp";
		};
		CFFCB7417C7CC476D6A2D815 = {
			fileRef = "7ADDB8FA3804BAC0EFFD7523";
			isa = PBXBuildFile;
			settings = {
				ATTRIBUTES = (
					);
			};
		};
		909926F10D038D9E00D50239 = {
			isa = PBXFileReference;
			name = "symbol.cpp";
			path = "symbol/symbol.cpp";
			refType = 4;
			sourceTree = "SOURCE_ROOT";
			lastKnownFileType = "sourcecode.cpp.cpp";
		};
		31ADFAA36F60E3D946CC3522 = {
			fileRef = "909926F10D038D9E00D50239";
			isa = PBXBuildFile;
			settings = {
				ATTRIBUTES = (
					);
			};
		};
		DF2500B19051E615002FB5D3 = {
			isa = PBXFileReference;
			name = "roundsymbol.cpp";
			path = "symbol/roundsymbol.cpp";
			refType = 4;
			sourceTree = "SOURCE_ROOT";
			lastKnownFileType = "sourcecode.cpp.cpp";
		};
		3E5BF18CAF5D7E8A566F208D = {
			fileRef = "DF2500B19051E615002FB5D3";
			isa = PBXBuildFile;
			settings = {
				ATTRIBUTES = (
					);
			};
		};
		DB17216DD8E114FA924348F7 = {
			isa = PBXFileReference;
			name = "rectanglesymbol.cpp";
			path = "symbol/rectanglesymbol.cpp";
			refType = 4;
			sourceTree = "SOURCE_ROOT";
			lastKnownFileType = "sourcecode.cpp.cpp";
		};
		3E5D670B9729CF8A38DB7CF8 = {
			fileRef = "DB17216DD8E114FA924348F7";
			isa = PBXBuildFile;
			settings = {
				ATTRIBUTES = (
					);
			};
		};
		76B7A6E7127258913A4DD375 = {
			isa = PBXFileReference;
			name = "ovalsymbol.cpp";
			path = "symbol/ovalsymbol.cpp";
			refType = 4;
			sourceTree = "SOURCE_ROOT";
			lastKnownFileType = "sourcecode.cpp.cpp";
		};
		E5194E7F9439BC962E80E138 = {
			fileRef = "76B7A6E7127258913A4DD375";
			isa = PBXBuildFile;
			settings = {
				ATTRIBUTES = (
					);
			};
		};
		9060B8A2BBF1943678969DFC = {
			isa = PBXFileReference;
			name = "diamondsymbol.cpp";
			path = "symbol/diamondsymbol.cpp";
			refType = 4;
			sourceTree = "SOURCE_ROOT";
			lastKnownFileType = "sourcecode.cpp.cpp";
		};
		6E1658DA7EDBF50E2959344F = {
			fileRef = "9060B8A2BBF1943678969DFC";
			isa = PBXBuildFile;
			settings = {
				ATTRIBUTES = (
					);
			};
		};
		79ABD8CDB2B3545FB6818F94 = {
			isa = PBXFileReference;
			name = "octagonsymbol.cpp";
			path = "symbol/octagonsymbol.cpp";
			refType = 4;
			sourceTree = "SOURCE_ROOT";
			lastKnownFileType = "sourcecode.cpp.cpp";
		};
		5EE7DE5C7678028EF38140C7 = {
			fileRef = "79ABD8CDB2B3545FB6818F94";
			isa = PBXBuildFile;
			settings = {
				ATTRIBUTES = (
					);
			};
		};
		7C388A748619E93B485A98FD = {
			isa = PBXFileReference;
			name = "donutrsymbol.cpp";
			path = "symbol/donutrsymbol.cpp";
			refType = 4;
			sourceTree = "SOURCE_ROOT";
			lastKnownFileType = "sourcecode.cpp.cpp";
		};
		DFE832D4B130B0917340E780 = {
			fileRef = "7C388A748619E93B485A98FD";
			isa = PBXBuildFile;
			settings = {
				ATTRIBUTES = (
					);
			};
		};
		ED4272F9DEE6A1EDE3D8DB15 = {
			isa = PBXFileReference;
			name = "donutssymbol.cpp";
			path = "symbol/donutssymbol.cpp";
			refType = 4;
			sourceTree = "SOURCE_ROOT";
			lastKnownFileType = "sourcecode.cpp.cpp";
		};
		15FDD4239D2CB9C122286D08 = {
			fileRef = "ED4272F9DEE6A1EDE3D8DB15";
			isa = PBXBuildFile;
			settings = {
				ATTRIBUTES = (
					);
			};
		};
		E0602C1A32762FDA53A4B108 = {
			isa = PBXFileReference;
			name = "squaresymbol.cpp";
			path = "symbol/squaresymbol.cpp";
			refType = 4;
			sourceTree = "SOURCE_ROOT";
			lastKnownFileType = "sourcecode.cpp.cpp";
		};
		D6AD037282AFE8E7852D7FC8 = {
			fileRef = "E0602C1A32762FDA53A4B108";
			isa = PBXBuildFile;
			settings = {
				ATTRIBUTES = (
					);
			};
		};
		546181DC34BBF713CD259924 = {
			isa = PBXFileReference;
			name = "surfacesymbol.cpp";
			path = "symbol/surfacesymbol.cpp";
			refType = 4;
			sourceTree = "SOURCE_ROOT";
			lastKnownFileType = "sourcecode.cpp.cpp";
		};
		DBBFDC76EFF5DB5E7A476598 = {
			fileRef = "546181DC34BBF713CD259924";
			isa = PBXBuildFile;
			settings = {
				ATTRIBUTES = (
					);
			};
		};
		96AB6052896C865F4EA5F8BF = {
			isa = PBXFileReference;
			name = "trianglesymbol.cpp";
			path = "symbol/trianglesymbol.cpp";
			refType = 4;
			sourceTree = "SOURCE_ROOT";
			lastKnownFileType = "sourcecode.cpp.cpp";
		};
		1373BBD960025EF49EC92C10 = {
			fileRef = "96AB6052896C865F4EA5F8BF";
			isa = PBXBuildFile;
			settings = {
				ATTRIBUTES = (
					);
			};
		};
		DDBDCE1433C38446F781EA85 = {
			isa = PBXFileReference;
			name = "linesymbol.cpp";
			path = "symbol/linesymbol.cpp";
			refType = 4;
			sourceTree = "SOURCE_ROOT";
			lastKnownFileType = "sourcecode.cpp.cpp";
		};
		663744D4F0B27A851A636712 = {
			fileRef = "DDBDCE1433C38446F781EA85";
			isa = PBXBuildFile;
			settings = {
				ATTRIBUTES = (
					);
			};
		};
		1D043E58E0735397003B82E8 = {
			isa = PBXFileReference;
			name = "arcsymbol.cpp";
			path = "symbol/arcsymbol.cpp";
			refType = 4;
			sourceTree = "SOURCE_ROOT";
			lastKnownFileType = "sourcecode.cpp.cpp";
		};
		CA5A9903CC386959CC20A621 = {
			fileRef = "1D043E58E0735397003B82E8";
			isa = PBXBuildFile;
			settings = {
				ATTRIBUTES = (
					);
			};
		};
		A9293660337DC55AE27AC86D = {
			isa = PBXFileReference;
			name = "usersymbol.cpp";
			path = "symbol/usersymbol.cpp";
			refType = 4;
			sourceTree = "SOURCE_ROOT";
			lastKnownFileType = "sourcecode.cpp.cpp";
		};
		F293991859C4D06DB676EB3F = {
			fileRef = "A9293660337DC55AE27AC86D";
			isa = PBXBuildFile;
			settings = {
				ATTRIBUTES = (
					);
			};
		};
		E50921A04B101842B2BEB9CE = {
			isa = PBXFileReference;
			name = "textsymbol.cpp";
			path = "symbol/textsymbol.cpp";
			refType = 4;
			sourceTree = "SOURCE_ROOT";
			lastKnownFileType = "sourcecode.cpp.cpp";
		};
		2B24E192F0FDBBBBB8E3D493 = {
			fileRef = "E50921A04B101842B2BEB9CE";
			isa = PBXBuildFile;
			settings = {
				ATTRIBUTES = (
					);
			};
		};
		A0370337A7E061801AFA753F = {
			isa = PBXFileReference;
			name = "barcodesymbol.cpp";
			path = "symbol/barcodesymbol.cpp";
			refType = 4;
			sourceTree = "SOURCE_ROOT";
			lastKnownFileType = "sourcecode.cpp.cpp";
		};
		D25167560AA1FD7C416D515C = {
			fileRef = "A0370337A7E061801AFA753F";
			isa = PBXBuildFile;
			settings = {
				ATTRIBUTES = (
					);
			};
		};
		2E8D39CDEB4D3DBCF99D12A7 = {
			isa = PBXFileReference;
			name = "horizontalhexagonsymbol.cpp";
			path = "symbol/horizontalhexagonsymbol.cpp";
			refType = 4;
			sourceTree = "SOURCE_ROOT";
			lastKnownFileType = "sourcecode.cpp.cpp";
		};
		B77AFBBF539B8B25CF686583 = {
			fileRef = "2E8D39CDEB4D3DBCF99D12A7";
			isa = PBXBuildFile;
			settings = {
				ATTRIBUTES = (
					);
			};
		};
		1D6CD5E2C5E1063BB816DF0E = {
			isa = PBXFileReference;
			name = "verticalhexagonsymbol.cpp";
			path = "symbol/verticalhexagonsymbol.cpp";
			refType = 4;
			sourceTree = "SOURCE_ROOT";
			lastKnownFileType = "sourcecode.cpp.cpp";
		};
		E9B2CFD37F243DA008F22454 = {
			fileRef = "1D6CD5E2C5E1063BB816DF0E";
			isa = PBXBuildFile;
			settings = {
				ATTRIBUTES = (
					);
			};
		};
		8744182773FE1FCC17B88312 = {
			isa = PBXFileReference;
			name = "butterflysymbol.cpp";
			path = "symbol/butterflysymbol.cpp";
			refType = 4;
			sourceTree = "SOURCE_ROOT";
			lastKnownFileType = "sourcecode.cpp.cpp";
		};
		151857470FB5CC5DC9C3C00D = {
			fileRef = "8744182773FE1FCC17B88312";
			isa = PBXBuildFile;
			settings = {
				ATTRIBUTES = (
					);
			};
		};
		99B86F945E33B598CAACB0DA = {
			isa = PBXFileReference;
			name = "squarebutterflysymbol.cpp";
			path = "symbol/squarebutterflysymbol.cpp";
			refType = 4;
			sourceTree = "SOURCE_ROOT";
			lastKnownFileType = "sourcecode.cpp.cpp";
		};
		597FDB8B9A833656C32024D0 = {
			fileRef = "99B86F945E33B598CAACB0DA";
			isa = PBXBuildFile;
			settings = {
				ATTRIBUTES = (
					);
			};
		};
		3E24E32B04AE4277FB394D2F = {
			isa = PBXFileReference;
			name = "halfovalsymbol.cpp";
			path = "symbol/halfovalsymbol.cpp";
			refType = 4;
			sourceTree = "SOURCE_ROOT";
			lastKnownFileType = "sourcecode.cpp.cpp";
		};
		90AE5CE2F1888C7D4B22CE61 = {
			fileRef = "3E24E32B04AE4277FB394D2F";
			isa = PBXBuildFile;
			settings = {
				ATTRIBUTES = (
					);
			};
		};
		20BF3B8FC610A5AD229DD170 = {
			isa = PBXFileReference;
			name = "roundthermalroundsymbol.cpp";
			path = "symbol/roundthermalroundsymbol.cpp";
			refType = 4;
			sourceTree = "SOURCE_ROOT";
			lastKnownFileType = "sourcecode.cpp.cpp";
		};
		1E7791DD9CE1BD901F45E632 = {
			fileRef = "20BF3B8FC610A5AD229DD170";
			isa = PBXBuildFile;
			settings = {
				ATTRIBUTES = (
					);
			};
		};
		31E552FFE512BD3BE505D413 = {
			isa = PBXFileReference;
			name = "roundthermalsquaresymbol.cpp";
			path = "symbol/roundthermalsquaresymbol.cpp";
			refType = 4;
			sourceTree = "SOURCE_ROOT";
			lastKnownFileType = "sourcecode.cpp.cpp";
		};
		B4F3FE67F0DCF7DAE652CCC5 = {
			fileRef = "31E552FFE512BD3BE505D413";
			isa = PBXBuildFile;
			settings = {
				ATTRIBUTES = (
					);
			};
		};
		71AC69DA0DFA73301F5A1242 = {
			isa = PBXFileReference;
			name = "squarethermalsymbol.cpp";
			path = "symbol/squarethermalsymbol.cpp";
			refType = 4;
			sourceTree = "SOURCE_ROOT";
			lastKnownFileType = "sourcecode.cpp.cpp";
		};
		A72B1972D3B98A22171E6992 = {
			fileRef = "71AC69DA0DFA73301F5A1242";
			isa = PBXBuildFile;
			settings = {
				ATTRIBUTES = (
					);
			};
		};
		FA779F7C9D14F760255BBE4A = {
			isa = PBXFileReference;
			name = "squarethermalopencornerssymbol.cpp";
			path = "symbol/squarethermalopencornerssymbol.cpp";
			refType = 4;
			sourceTree = "SOURCE_ROOT";
			lastKnownFileType = "sourcecode.cpp.cpp";
		};
		334EE0CD2574FDEE970BB480 = {
			fileRef = "FA779F7C9D14F760255BBE4A";
			isa = PBXBuildFile;
			settings = {
				ATTRIBUTES = (
					);
			};
		};
		9100EBBFCAA9B21684710C10 = {
			isa = PBXFileReference;
			name = "squareroundthermalsymbol.cpp";
			path = "symbol/squareroundthermalsymbol.cpp";
			refType = 4;
			sourceTree = "SOURCE_ROOT";
			lastKnownFileType = "sourcecode.cpp.cpp";
		};
		69808D40085B1A2A4ECEB866 = {
			fileRef = "9100EBBFCAA9B21684710C10";
			isa = PBXBuildFile;
			settings = {
				ATTRIBUTES = (
					);
			};
		};
		7728C80F2DD26572DB90BCB1 = {
			isa = PBXFileReference;
			name = "rectangularthermalsymbol.cpp";
			path = "symbol/rectangularthermalsymbol.cpp";
			refType = 4;
			sourceTree = "SOURCE_ROOT";
			lastKnownFileType = "sourcecode.cpp.cpp";
		};
		9A11B2E9B61A143FE0C85FED = {
			fileRef = "7728C80F2DD26572DB90BCB1";
			isa = PBXBuildFile;
			settings = {
				ATTRIBUTES = (
					);
			};
		};
		CEF70A2A798C17E3855F68D0 = {
			isa = PBXFileReference;
			name = "rectangularthermalopencornerssymbol.cpp";
			path = "symbol/rectangularthermalopencornerssymbol.cpp";
			refType = 4;
			sourceTree = "SOURCE_ROOT";
			lastKnownFileType = "sourcecode.cpp.cpp";
		};
		ADC64D5256EEB9695F0D2936 = {
			fileRef = "CEF70A2A798C17E3855F68D0";
			isa = PBXBuildFile;
			settings = {
				ATTRIBUTES = (
					);
			};
		};
		0DCA10635FA4E8A73255B9C7 = {
			isa = PBXFileReference;
			name = "ellipsesymbol.cpp";
			path = "symbol/ellipsesymbol.cpp";
			refType = 4;
			sourceTree = "SOURCE_ROOT";
			lastKnownFileType = "sourcecode.cpp.cpp";
		};
		5A914A4595E4A0D59D284EC9 = {
			fileRef = "0DCA10635FA4E8A73255B9C7";
			isa = PBXBuildFile;
			settings = {
				ATTRIBUTES = (
					);
			};
		};
		94C3CDCABD8C946B4CBB96AF = {
			isa = PBXFileReference;
			name = "test_standard_symbols.cpp";
			path = "tests/test_standard_symbols.cpp";
			refType = 4;
			sourceTree = "SOURCE_ROOT";
			lastKnownFileType = "sourcecode.cpp.cpp";
		};
		DE267F45B9B4C2388C5F3A26 = {
			fileRef = "94C3CDCABD8C946B4CBB96AF";
			isa = PBXBuildFile;
			settings = {
				ATTRIBUTES = (
					);
			};
		};
		D3EE0701C6E94FCF856100BC = {
			isa = PBXFileReference;
			name = "testviewwidget.cpp";
			path = "tests/testviewwidget.cpp";
			refType = 4;
			sourceTree = "SOURCE_ROOT";
			lastKnownFileType = "sourcecode.cpp.cpp";
		};
		99B5605EE084DD70EE0F72D5 = {
			fileRef = "D3EE0701C6E94FCF856100BC";
			isa = PBXBuildFile;
			settings = {
				ATTRIBUTES = (
					);
			};
		};
		EAE48C395A2CFD9E074568C7 = {
			isa = PBXFileReference;
			name = "archiveloader.cpp";
			path = "archiveloader.cpp";
			refType = 4;
			sourceTree = "SOURCE_ROOT";
			lastKnownFileType = "sourcecode.cpp.cpp";
		};
		D0BEE193BB36DBE95DA543BE = {
			fileRef = "EAE48C395A2CFD9E074568C7";
			isa = PBXBuildFile;
			settings = {
				ATTRIBUTES = (
					);
			};
		};
		A9A714FC710C6413FFAB625B = {
			isa = PBXFileReference;
			name = "feature.cpp";
			path = "feature.cpp";
			refType = 4;
			sourceTree = "SOURCE_ROOT";
			lastKnownFileType = "sourcecode.cpp.cpp";
		};
		D7935E03D345F03ECD2917F9 = {
			fileRef = "A9A714FC710C6413FFAB625B";
			isa = PBXBuildFile;
			settings = {
				ATTRIBUTES = (
					);
			};
		};
		8E16DC292D27419F68F51B81 = {
			isa = PBXFileReference;
			name = "db.lex.cpp";
			path = ".build/db.lex.cpp";
			refType = 4;
			sourceTree = "SOURCE_ROOT";
			lastKnownFileType = "sourcecode.cpp.cpp";
		};
		B47073807EE7D2787E384445 = {
			fileRef = "8E16DC292D27419F68F51B81";
			isa = PBXBuildFile;
			settings = {
				ATTRIBUTES = (
					);
			};
		};
		FE1BC7E542AA31935A749140 = {
			isa = PBXFileReference;
			name = "db.tab.cpp";
			path = ".build/db.tab.cpp";
			refType = 4;
			sourceTree = "SOURCE_ROOT";
			lastKnownFileType = "sourcecode.cpp.cpp";
		};
		F055EBDAD88352A120304064 = {
			fileRef = "FE1BC7E542AA31935A749140";
			isa = PBXBuildFile;
			settings = {
				ATTRIBUTES = (
					);
			};
		};
		70FC0378425624507C33FD54 = {
			isa = PBXFileReference;
			name = "moc_testviewwidget.cpp";
			path = ".build/moc_testviewwidget.cpp";
			refType = 4;
			sourceTree = "SOURCE_ROOT";
			lastKnownFileType = "sourcecode.cpp.cpp";
		};
		E8523785D3C933EF5E47EF72 = {
			fileRef = "70FC0378425624507C33FD54";
			isa = PBXBuildFile;
			settings = {
				ATTRIBUTES = (
					);
			};
		};
		CE58828B4A77F5C83BAEC5FB = {
			isa = PBXFileReference;
			name = "record.h";
			path = "parser/record/record.h";
			refType = 4;
			sourceTree = "SOURCE_ROOT";
		};
		92DAC7E078E9FFAF48E2C27B = {
			isa = PBXFileReference;
			name = "code39.h";
			path = "parser/record/code39.h";
			refType = 4;
			sourceTree = "SOURCE_ROOT";
		};
		6E1C2A13C721E77455AFFA48 = {
			isa = PBXFileReference;
			name = "yyheader.h";
			path = "parser/yyheader.h";
			refType = 4;
			sourceTree = "SOURCE_ROOT";
		};
		A4A3FACE1AED988F92E32752 = {
			isa = PBXFileReference;
			name = "parser.h";
			path = "parser/parser.h";
			refType = 4;
			sourceTree = "SOURCE_ROOT";
		};
		23424573FCEC5B5480438E05 = {
			isa = PBXFileReference;
			name = "structuredtextparser.h";
			path = "parser/structuredtextparser.h";
			refType = 4;
			sourceTree = "SOURCE_ROOT";
		};
		80F5E94644DB82D18F375986 = {
			isa = PBXFileReference;
			name = "featuresparser.h";
			path = "parser/featuresparser.h";
			refType = 4;
			sourceTree = "SOURCE_ROOT";
		};
		C1DC2FF24A50836D437DAE06 = {
			isa = PBXFileReference;
			name = "fontparser.h";
			path = "parser/fontparser.h";
			refType = 4;
			sourceTree = "SOURCE_ROOT";
		};
		3055250D998ABDA8F7B58A0B = {
			isa = PBXFileReference;
			name = "symbol.h";
			path = "symbol/symbol.h";
			refType = 4;
			sourceTree = "SOURCE_ROOT";
		};
		BE564240AB269245179E9A5C = {
			isa = PBXFileReference;
			name = "roundsymbol.h";
			path = "symbol/roundsymbol.h";
			refType = 4;
			sourceTree = "SOURCE_ROOT";
		};
		7037D361A1AA038AA6ED650B = {
			isa = PBXFileReference;
			name = "rectanglesymbol.h";
			path = "symbol/rectanglesymbol.h";
			refType = 4;
			sourceTree = "SOURCE_ROOT";
		};
		DA50C02DE726B0222C8ACD60 = {
			isa = PBXFileReference;
			name = "ovalsymbol.h";
			path = "symbol/ovalsymbol.h";
			refType = 4;
			sourceTree = "SOURCE_ROOT";
		};
		4A9D2BDE2C3113571B5C4EE7 = {
			isa = PBXFileReference;
			name = "diamondsymbol.h";
			path = "symbol/diamondsymbol.h";
			refType = 4;
			sourceTree = "SOURCE_ROOT";
		};
		123D9BD5F75F65F20C273BF9 = {
			isa = PBXFileReference;
			name = "octagonsymbol.h";
			path = "symbol/octagonsymbol.h";
			refType = 4;
			sourceTree = "SOURCE_ROOT";
		};
		82856CEF4F99C53FD4098A84 = {
			isa = PBXFileReference;
			name = "donutrsymbol.h";
			path = "symbol/donutrsymbol.h";
			refType = 4;
			sourceTree = "SOURCE_ROOT";
		};
		CC96B0D3DD917631762521AB = {
			isa = PBXFileReference;
			name = "donutssymbol.h";
			path = "symbol/donutssymbol.h";
			refType = 4;
			sourceTree = "SOURCE_ROOT";
		};
		E2A15D3ADAD233B4577C0D36 = {
			isa = PBXFileReference;
			name = "squaresymbol.h";
			path = "symbol/squaresymbol.h";
			refType = 4;
			sourceTree = "SOURCE_ROOT";
		};
		0B33E55308A047940C4777F3 = {
			isa = PBXFileReference;
			name = "trianglesymbol.h";
			path = "symbol/trianglesymbol.h";
			refType = 4;
			sourceTree = "SOURCE_ROOT";
		};
		B8FFD61442526F8A43583512 = {
			isa = PBXFileReference;
			name = "surfacesymbol.h";
			path = "symbol/surfacesymbol.h";
			refType = 4;
			sourceTree = "SOURCE_ROOT";
		};
		E0419F846243C4A301391B7D = {
			isa = PBXFileReference;
			name = "arcsymbol.h";
			path = "symbol/arcsymbol.h";
			refType = 4;
			sourceTree = "SOURCE_ROOT";
		};
		BB2EC8B161687CE0473DD80F = {
			isa = PBXFileReference;
			name = "linesymbol.h";
			path = "symbol/linesymbol.h";
			refType = 4;
			sourceTree = "SOURCE_ROOT";
		};
		0DF6C6227FBCB4A726DA1EBD = {
			isa = PBXFileReference;
			name = "usersymbol.h";
			path = "symbol/usersymbol.h";
			refType = 4;
			sourceTree = "SOURCE_ROOT";
		};
		EC07269208044BAA9244859E = {
			isa = PBXFileReference;
			name = "textsymbol.h";
			path = "symbol/textsymbol.h";
			refType = 4;
			sourceTree = "SOURCE_ROOT";
		};
		70AADB49E729C4C0A1DE5076 = {
			isa = PBXFileReference;
			name = "barcodesymbol.h";
			path = "symbol/barcodesymbol.h";
			refType = 4;
			sourceTree = "SOURCE_ROOT";
		};
		C9FD82EA532CDB6E5516A595 = {
			isa = PBXFileReference;
			name = "horizontalhexagonsymbol.h";
			path = "symbol/horizontalhexagonsymbol.h";
			refType = 4;
			sourceTree = "SOURCE_ROOT";
		};
		EA5412CA5B45D04826304F7A = {
			isa = PBXFileReference;
			name = "verticalhexagonsymbol.h";
			path = "symbol/verticalhexagonsymbol.h";
			refType = 4;
			sourceTree = "SOURCE_ROOT";
		};
		9EC9132AB9A58A64C86922EA = {
			isa = PBXFileReference;
			name = "butterflysymbol.h";
			path = "symbol/butterflysymbol.h";
			refType = 4;
			sourceTree = "SOURCE_ROOT";
		};
		6D5860606D7454E1A454EC9E = {
			isa = PBXFileReference;
			name = "squarebutterflysymbol.h";
			path = "symbol/squarebutterflysymbol.h";
			refType = 4;
			sourceTree = "SOURCE_ROOT";
		};
		5AF45DF28CF030619B07A022 = {
			isa = PBXFileReference;
			name = "halfovalsymbol.h";
			path = "symbol/halfovalsymbol.h";
			refType = 4;
			sourceTree = "SOURCE_ROOT";
		};
		93A2DA22D376CC808FC9F765 = {
			isa = PBXFileReference;
			name = "roundthermalroundsymbol.h";
			path = "symbol/roundthermalroundsymbol.h";
			refType = 4;
			sourceTree = "SOURCE_ROOT";
		};
		BF78C6322F5B1017D9E81866 = {
			isa = PBXFileReference;
			name = "roundthermalsquaresymbol.h";
			path = "symbol/roundthermalsquaresymbol.h";
			refType = 4;
			sourceTree = "SOURCE_ROOT";
		};
		CAE6AECFA5A189326E33BECB = {
			isa = PBXFileReference;
			name = "squarethermalsymbol.h";
			path = "symbol/squarethermalsymbol.h";
			refType = 4;
			sourceTree = "SOURCE_ROOT";
		};
		EF15E68DCF43D9F2BB0C7E21 = {
			isa = PBXFileReference;
			name = "squarethermalopencornerssymbol.h";
			path = "symbol/squarethermalopencornerssymbol.h";
			refType = 4;
			sourceTree = "SOURCE_ROOT";
		};
		301F8A4CF8DA1798AF02A097 = {
			isa = PBXFileReference;
			name = "squareroundthermalsymbol.h";
			path = "symbol/squareroundthermalsymbol.h";
			refType = 4;
			sourceTree = "SOURCE_ROOT";
		};
		9043DEE88FAAB3B240006414 = {
			isa = PBXFileReference;
			name = "rectangularthermalopencornerssymbol.h";
			path = "symbol/rectangularthermalopencornerssymbol.h";
			refType = 4;
			sourceTree = "SOURCE_ROOT";
		};
		65874712C35928A734B5D19E = {
			isa = PBXFileReference;
			name = "ellipsesymbol.h";
			path = "symbol/ellipsesymbol.h";
			refType = 4;
			sourceTree = "SOURCE_ROOT";
		};
		EE6D5C42CF9B52083D2A90FD = {
			isa = PBXFileReference;
			name = "testviewwidget.h";
			path = "tests/testviewwidget.h";
			refType = 4;
			sourceTree = "SOURCE_ROOT";
		};
		032742EC46BC2E5618479A9A = {
			isa = PBXFileReference;
			name = "archiveloader.h";
			path = "archiveloader.h";
			refType = 4;
			sourceTree = "SOURCE_ROOT";
		};
		DD78D6A88B158D3EABDDFEB3 = {
			isa = PBXFileReference;
			name = "symbolfactory.h";
			path = "symbolfactory.h";
			refType = 4;
			sourceTree = "SOURCE_ROOT";
		};
		BDDAD45F0D3D10403118CCB5 = {
			isa = PBXFileReference;
			name = "feature.h";
			path = "feature.h";
			refType = 4;
			sourceTree = "SOURCE_ROOT";
		};
		76266ABFDD553BA0E107525F = {
			isa = PBXFileReference;
			name = "db.tab.h";
			path = ".build/db.tab.h";
			refType = 4;
			sourceTree = "SOURCE_ROOT";
		};
		2978E1E510CF807147838C82 = {
			isa = PBXFileReference;
			name = "test.pro";
			path = "test.pro";
			refType = 4;
			sourceTree = "SOURCE_ROOT";
		};
		F630839CAECBE81BC0F0808C = {
			isa = PBXFileReference;
			name = "db.l";
			path = "parser/db.l";
			refType = 4;
			sourceTree = "SOURCE_ROOT";
		};
		8CE3B7B543ECCC9BBFFEF486 = {
			fileRef = "F630839CAECBE81BC0F0808C";
			isa = PBXBuildFile;
			settings = {
				ATTRIBUTES = (
					);
			};
		};
		49DA5D3CE2E9612B348DA9FD = {
			isa = PBXFileReference;
			name = "db.y";
			path = "parser/db.y";
			refType = 4;
			sourceTree = "SOURCE_ROOT";
		};
		8F07816B13BFCAE0A92A1EB4 = {
			fileRef = "49DA5D3CE2E9612B348DA9FD";
			isa = PBXBuildFile;
			settings = {
				ATTRIBUTES = (
					);
			};
		};
		883D7615C4D2DE3FA1218F12 = {
			isa = PBXGroup;
			children = (
				"14C49296D0E05F025D970398",
				"692ECABD5EA3736E2C7DA0B2",
				"64AB7FC521C63360AF128932",
				"032742EC46BC2E5618479A9A",
				"DD78D6A88B158D3EABDDFEB3",
				"BDDAD45F0D3D10403118CCB5",
				"0770FC3637A2E4F4269627B4");
			name = "Headers";
			refType = 4;
			sourceTree = "<Group>";
		};
		0770FC3637A2E4F4269627B4 = {
			isa = PBXGroup;
			children = (
				"76266ABFDD553BA0E107525F");
			name = ".build";
			refType = 4;
			sourceTree = "<Group>";
		};
		14C49296D0E05F025D970398 = {
			isa = PBXGroup;
			children = (
				"7F6B917E366444AC279D7F3C",
				"6E1C2A13C721E77455AFFA48",
				"A4A3FACE1AED988F92E32752",
				"23424573FCEC5B5480438E05",
				"80F5E94644DB82D18F375986",
				"C1DC2FF24A50836D437DAE06");
			name = "parser";
			refType = 4;
			sourceTree = "<Group>";
		};
		7F6B917E366444AC279D7F3C = {
			isa = PBXGroup;
			children = (
				"CE58828B4A77F5C83BAEC5FB",
				"92DAC7E078E9FFAF48E2C27B");
			name = "record";
			refType = 4;
			sourceTree = "<Group>";
		};
		692ECABD5EA3736E2C7DA0B2 = {
			isa = PBXGroup;
			children = (
				"3055250D998ABDA8F7B58A0B",
				"BE564240AB269245179E9A5C",
				"7037D361A1AA038AA6ED650B",
				"DA50C02DE726B0222C8ACD60",
				"4A9D2BDE2C3113571B5C4EE7",
				"123D9BD5F75F65F20C273BF9",
				"82856CEF4F99C53FD4098A84",
				"CC96B0D3DD917631762521AB",
				"E2A15D3ADAD233B4577C0D36",
				"0B33E55308A047940C4777F3",
				"B8FFD61442526F8A43583512",
				"E0419F846243C4A301391B7D",
				"BB2EC8B161687CE0473DD80F",
				"0DF6C6227FBCB4A726DA1EBD",
				"EC07269208044BAA9244859E",
				"70AADB49E729C4C0A1DE5076",
				"C9FD82EA532CDB6E5516A595",
				"EA5412CA5B45D04826304F7A",
				"9EC9132AB9A58A64C86922EA",
				"6D5860606D7454E1A454EC9E",
				"5AF45DF28CF030619B07A022",
				"93A2DA22D376CC808FC9F765",
				"BF78C6322F5B1017D9E81866",
				"CAE6AECFA5A189326E33BECB",
				"EF15E68DCF43D9F2BB0C7E21",
				"301F8A4CF8DA1798AF02A097",
				"9043DEE88FAAB3B240006414",
				"65874712C35928A734B5D19E");
			name = "symbol";
			refType = 4;
			sourceTree = "<Group>";
		};
		64AB7FC521C63360AF128932 = {
			isa = PBXGroup;
			children = (
				"EE6D5C42CF9B52083D2A90FD");
			name = "tests";
			refType = 4;
			sourceTree = "<Group>";
		};
		11F008B172CFAB388B483CB5 = {
			isa = PBXGroup;
			children = (
				"49DA5D3CE2E9612B348DA9FD");
			name = "parser";
			refType = 4;
			sourceTree = "<Group>";
		};
		17B82F7597F7C9A9910128E2 = {
			isa = PBXGroup;
			children = (
				"F630839CAECBE81BC0F0808C");
			name = "parser";
			refType = 4;
			sourceTree = "<Group>";
		};
		3BDEB63D091CAD8332F2B2AD = {
			isa = PBXGroup;
			children = (
				"59BB51B8DA865801476F0589",
				"045BCF0FB30D683F06B3A8FD",
				"79D3185BCF118882484B83F7",
				"95BF5CEF23DCBF7A68C7A4BF",
				"7ADDB8FA3804BAC0EFFD7523");
			name = "parser";
			refType = 4;
			sourceTree = "<Group>";
		};
		59BB51B8DA865801476F0589 = {
			isa = PBXGroup;
			children = (
				"BA386F3F0AFA61020AEABBB0",
				"82ADF271E8B595B647517EB2",
				"98A6801500098393D09275EE",
				"A16531DD85887CECAFE07931",
				"BA9658432203437E7E9252E4",
				"C85CBC4F0C57CA753AE10741",
				"80156DE59168678FD2384A7A",
				"9194185A05FB185A067E279D");
			name = "record";
			refType = 4;
			sourceTree = "<Group>";
		};
		396F29EDD2A1C8FA84F2A89B = {
			isa = PBXGroup;
			children = (
				"909926F10D038D9E00D50239",
				"DF2500B19051E615002FB5D3",
				"DB17216DD8E114FA924348F7",
				"76B7A6E7127258913A4DD375",
				"9060B8A2BBF1943678969DFC",
				"79ABD8CDB2B3545FB6818F94",
				"7C388A748619E93B485A98FD",
				"ED4272F9DEE6A1EDE3D8DB15",
				"E0602C1A32762FDA53A4B108",
				"546181DC34BBF713CD259924",
				"96AB6052896C865F4EA5F8BF",
				"DDBDCE1433C38446F781EA85",
				"1D043E58E0735397003B82E8",
				"A9293660337DC55AE27AC86D",
				"E50921A04B101842B2BEB9CE",
				"A0370337A7E061801AFA753F",
				"2E8D39CDEB4D3DBCF99D12A7",
				"1D6CD5E2C5E1063BB816DF0E",
				"8744182773FE1FCC17B88312",
				"99B86F945E33B598CAACB0DA",
				"3E24E32B04AE4277FB394D2F",
				"20BF3B8FC610A5AD229DD170",
				"31E552FFE512BD3BE505D413",
				"71AC69DA0DFA73301F5A1242",
				"FA779F7C9D14F760255BBE4A",
				"9100EBBFCAA9B21684710C10",
				"7728C80F2DD26572DB90BCB1",
				"CEF70A2A798C17E3855F68D0",
				"0DCA10635FA4E8A73255B9C7");
			name = "symbol";
			refType = 4;
			sourceTree = "<Group>";
		};
		0EDE8F67A6BC226C1CA8739D = {
			isa = PBXGroup;
			children = (
				"94C3CDCABD8C946B4CBB96AF",
				"D3EE0701C6E94FCF856100BC");
			name = "tests";
			refType = 4;
			sourceTree = "<Group>";
		};
		706A1EF133C2F3046AB7C9B6 = {
			isa = PBXGroup;
			children = (
				"8E16DC292D27419F68F51B81",
				"FE1BC7E542AA31935A749140",
				"70FC0378425624507C33FD54");
			name = ".build";
			refType = 4;
			sourceTree = "<Group>";
		};
		FB61758D0F0FDA4BA867C3D5 = {
			isa = PBXGroup;
			children = (
				"3BDEB63D091CAD8332F2B2AD",
				"396F29EDD2A1C8FA84F2A89B",
				"0EDE8F67A6BC226C1CA8739D",
				"EAE48C395A2CFD9E074568C7",
				"A9A714FC710C6413FFAB625B");
			name = "Sources";
			refType = 4;
			sourceTree = "<Group>";
		};
		6360C964B0066585B5A5EAB5 = {
			isa = PBXGroup;
			children = (
				"11F008B172CFAB388B483CB5");
			name = "Sources [bison]";
			refType = 4;
			sourceTree = "<Group>";
		};
		105A45AD466FBB8A34EE9FE1 = {
			isa = PBXGroup;
			children = (
				"17B82F7597F7C9A9910128E2");
			name = "Sources [flex]";
			refType = 4;
			sourceTree = "<Group>";
		};
		7CABE3C80E79AD2B307756D2 = {
			isa = PBXGroup;
			children = (
				"2978E1E510CF807147838C82");
			name = "Sources [qmake]";
			refType = 4;
			sourceTree = "<Group>";
		};
		46E892BBB6BB6952967E0561 = {
			isa = PBXGroup;
			children = (
				"706A1EF133C2F3046AB7C9B6");
			name = "Temporary Sources";
			refType = 4;
			sourceTree = "<Group>";
		};
		A0A52A2ADF7A1E2A99738674 = {
			buildActionMask = 2147483647;
			files = (
				);
			generatedFileNames = (
				"87172A67A7C8B8929FE18164",
				"5A5504D0CF714ADBB6C869CC",
				"1EA76CA16924A408ACF110FF",
				"320A30D3A24736D5953A9453",
				"F3E8B7B461F4FBF3C1F5086D",
				"DFB9C92B8D01AB1CE9DC5BD5",
				"D47E5DCA50EF3C1D6197E7A3",
				"0349A9810E63B0FD89DC75B1",
				"79FD50576696D8FCC19D3E74",
				"E3F0FD5112FD50F6C3135215",
				"B858A4B2424E2C74948A0687",
				"CFFCB7417C7CC476D6A2D815",
				"31ADFAA36F60E3D946CC3522",
				"3E5BF18CAF5D7E8A566F208D",
				"3E5D670B9729CF8A38DB7CF8",
				"E5194E7F9439BC962E80E138",
				"6E1658DA7EDBF50E2959344F",
				"5EE7DE5C7678028EF38140C7",
				"DFE832D4B130B0917340E780",
				"15FDD4239D2CB9C122286D08",
				"D6AD037282AFE8E7852D7FC8",
				"DBBFDC76EFF5DB5E7A476598",
				"1373BBD960025EF49EC92C10",
				"663744D4F0B27A851A636712",
				"CA5A9903CC386959CC20A621",
				"F293991859C4D06DB676EB3F",
				"2B24E192F0FDBBBBB8E3D493",
				"D25167560AA1FD7C416D515C",
				"B77AFBBF539B8B25CF686583",
				"E9B2CFD37F243DA008F22454",
				"151857470FB5CC5DC9C3C00D",
				"597FDB8B9A833656C32024D0",
				"90AE5CE2F1888C7D4B22CE61",
				"1E7791DD9CE1BD901F45E632",
				"B4F3FE67F0DCF7DAE652CCC5",
				"A72B1972D3B98A22171E6992",
				"334EE0CD2574FDEE970BB480",
				"69808D40085B1A2A4ECEB866",
				"9A11B2E9B61A143FE0C85FED",
				"ADC64D5256EEB9695F0D2936",
				"5A914A4595E4A0D59D284EC9",
				"DE267F45B9B4C2388C5F3A26",
				"99B5605EE084DD70EE0F72D5",
				"D0BEE193BB36DBE95DA543BE",
				"D7935E03D345F03ECD2917F9",
				"B47073807EE7D2787E384445",
				"F055EBDAD88352A120304064",
				"E8523785D3C933EF5E47EF72");
			isa = PBXShellScriptBuildPhase;
			name = "Qt Preprocessors";
			neededFileNames = (
				"87172A67A7C8B8929FE18164",
				"5A5504D0CF714ADBB6C869CC",
				"1EA76CA16924A408ACF110FF",
				"320A30D3A24736D5953A9453",
				"F3E8B7B461F4FBF3C1F5086D",
				"DFB9C92B8D01AB1CE9DC5BD5",
				"D47E5DCA50EF3C1D6197E7A3",
				"0349A9810E63B0FD89DC75B1",
				"79FD50576696D8FCC19D3E74",
				"E3F0FD5112FD50F6C3135215",
				"B858A4B2424E2C74948A0687",
				"CFFCB7417C7CC476D6A2D815",
				"31ADFAA36F60E3D946CC3522",
				"3E5BF18CAF5D7E8A566F208D",
				"3E5D670B9729CF8A38DB7CF8",
				"E5194E7F9439BC962E80E138",
				"6E1658DA7EDBF50E2959344F",
				"5EE7DE5C7678028EF38140C7",
				"DFE832D4B130B0917340E780",
				"15FDD4239D2CB9C122286D08",
				"D6AD037282AFE8E7852D7FC8",
				"DBBFDC76EFF5DB5E7A476598",
				"1373BBD960025EF49EC92C10",
				"663744D4F0B27A851A636712",
				"CA5A9903CC386959CC20A621",
				"F293991859C4D06DB676EB3F",
				"2B24E192F0FDBBBBB8E3D493",
				"D25167560AA1FD7C416D515C",
				"B77AFBBF539B8B25CF686583",
				"E9B2CFD37F243DA008F22454",
				"151857470FB5CC5DC9C3C00D",
				"597FDB8B9A833656C32024D0",
				"90AE5CE2F1888C7D4B22CE61",
				"1E7791DD9CE1BD901F45E632",
				"B4F3FE67F0DCF7DAE652CCC5",
				"A72B1972D3B98A22171E6992",
				"334EE0CD2574FDEE970BB480",
				"69808D40085B1A2A4ECEB866",
				"9A11B2E9B61A143FE0C85FED",
				"ADC64D5256EEB9695F0D2936",
				"5A914A4595E4A0D59D284EC9",
				"DE267F45B9B4C2388C5F3A26",
				"99B5605EE084DD70EE0F72D5",
				"D0BEE193BB36DBE95DA543BE",
				"D7935E03D345F03ECD2917F9",
				"B47073807EE7D2787E384445",
				"F055EBDAD88352A120304064",
				"E8523785D3C933EF5E47EF72");
			shellPath = "/bin/sh";
			shellScript = "make\ -C\ /Users/jeff/Documents/CamView/camview/src\ -f\ \'test.xcodeproj/qt_preprocess.mak\'";
		};
		C29B8785722055ED95EF7B57 = {
			buildActionMask = 2147483647;
			files = (
				"87172A67A7C8B8929FE18164",
				"5A5504D0CF714ADBB6C869CC",
				"1EA76CA16924A408ACF110FF",
				"320A30D3A24736D5953A9453",
				"F3E8B7B461F4FBF3C1F5086D",
				"DFB9C92B8D01AB1CE9DC5BD5",
				"D47E5DCA50EF3C1D6197E7A3",
				"0349A9810E63B0FD89DC75B1",
				"79FD50576696D8FCC19D3E74",
				"E3F0FD5112FD50F6C3135215",
				"B858A4B2424E2C74948A0687",
				"CFFCB7417C7CC476D6A2D815",
				"31ADFAA36F60E3D946CC3522",
				"3E5BF18CAF5D7E8A566F208D",
				"3E5D670B9729CF8A38DB7CF8",
				"E5194E7F9439BC962E80E138",
				"6E1658DA7EDBF50E2959344F",
				"5EE7DE5C7678028EF38140C7",
				"DFE832D4B130B0917340E780",
				"15FDD4239D2CB9C122286D08",
				"D6AD037282AFE8E7852D7FC8",
				"DBBFDC76EFF5DB5E7A476598",
				"1373BBD960025EF49EC92C10",
				"663744D4F0B27A851A636712",
				"CA5A9903CC386959CC20A621",
				"F293991859C4D06DB676EB3F",
				"2B24E192F0FDBBBBB8E3D493",
				"D25167560AA1FD7C416D515C",
				"B77AFBBF539B8B25CF686583",
				"E9B2CFD37F243DA008F22454",
				"151857470FB5CC5DC9C3C00D",
				"597FDB8B9A833656C32024D0",
				"90AE5CE2F1888C7D4B22CE61",
				"1E7791DD9CE1BD901F45E632",
				"B4F3FE67F0DCF7DAE652CCC5",
				"A72B1972D3B98A22171E6992",
				"334EE0CD2574FDEE970BB480",
				"69808D40085B1A2A4ECEB866",
				"9A11B2E9B61A143FE0C85FED",
				"ADC64D5256EEB9695F0D2936",
				"5A914A4595E4A0D59D284EC9",
				"DE267F45B9B4C2388C5F3A26",
				"99B5605EE084DD70EE0F72D5",
				"D0BEE193BB36DBE95DA543BE",
				"D7935E03D345F03ECD2917F9",
				"B47073807EE7D2787E384445",
				"F055EBDAD88352A120304064",
				"E8523785D3C933EF5E47EF72");
			isa = PBXSourcesBuildPhase;
			name = "Build Sources";
		};
		9B36DA7E32F0304E780E7972 = {
			isa = PBXFrameworkReference;
			name = "QtGui.framework";
			path = "/Library/Frameworks/QtGui.framework";
			refType = 0;
			sourceTree = "<absolute>";
		};
		501667F26B3C1FF6767A7C12 = {
			fileRef = "9B36DA7E32F0304E780E7972";
			isa = PBXBuildFile;
			settings = {
			};
		};
		7BC2E65A5E699A5E5D834CA2 = {
			isa = PBXFrameworkReference;
			name = "QtCore.framework";
			path = "/Library/Frameworks/QtCore.framework";
			refType = 0;
			sourceTree = "<absolute>";
		};
		069D05B0128AE5DC7EE31738 = {
			fileRef = "7BC2E65A5E699A5E5D834CA2";
			isa = PBXBuildFile;
			settings = {
			};
		};
		ED1E82605DD74B483AF3C982 = {
			children = (
				"9B36DA7E32F0304E780E7972",
				"7BC2E65A5E699A5E5D834CA2");
			isa = PBXGroup;
			name = "External Frameworks and Libraries";
			path = "";
			refType = 4;
			sourceTree = "<Group>";
		};
		2A1043669E6E5A7426EA502A = {
			buildActionMask = 2147483647;
			files = (
				"501667F26B3C1FF6767A7C12",
				"069D05B0128AE5DC7EE31738");
			isa = PBXFrameworksBuildPhase;
			name = "Frameworks & Libraries";
		};
		3787F99312C85FF0073FD7BA = {
			buildActionMask = 2147483647;
			files = (
			);
			isa = PBXResourcesBuildPhase;
			name = "Bundle Resources";
		};
		F6069D5A5DA8AA28EDB8B3C6 = {
			isa = PBXShellScriptBuildPhase;
			name = "Project Copy";
			buildActionMask = 2147483647;
			files = (
				);
			inputPaths = (
				);
			outputPaths = (
				);
			runOnlyForDeploymentPostprocessing = 0;
			shellPath = "/bin/sh";
			shellScript = "cp\ -r\ $BUILT_PRODUCTS_DIR/$FULL_PRODUCT_NAME\ /Users/jeff/Documents/CamView/camview/bin";
		};
		05596AB53D8D521C69802C27 = {
			children = (
				"FB61758D0F0FDA4BA867C3D5",
				"46E892BBB6BB6952967E0561",
				"883D7615C4D2DE3FA1218F12",
				"7CABE3C80E79AD2B307756D2",
				"105A45AD466FBB8A34EE9FE1",
				"6360C964B0066585B5A5EAB5",
				"ED1E82605DD74B483AF3C982");
			isa = PBXGroup;
			name = "test";
			path = "";
			refType = 4;
			sourceTree = "<Group>";
		};
		C8712F528A1078B42A55817D = {
			isa = PBXFileReference;
			explicitFileType = "wrapper.application";
			path = "test.app";
			refType = 3;
			sourceTree = BUILT_PRODUCTS_DIR;
		};
		068F80C7519D0528FB08E821 = {
			children = (
				"C8712F528A1078B42A55817D");
			isa = PBXGroup;
			name = "Products";
			refType = 4;
		};
		D071C4507642D06CB0D15311 = {
			buildPhases = (
				"D7BA7D76DAB5DD13389D6332",
				"A0A52A2ADF7A1E2A99738674",
				"C29B8785722055ED95EF7B57",
				"2A1043669E6E5A7426EA502A",
				"3787F99312C85FF0073FD7BA",
				"F6069D5A5DA8AA28EDB8B3C6");
			buildSettings = {
				CC = "/opt/local/bin/gcc";
				CPLUSPLUS = "/opt/local/bin/g++";
				LEXFLAGS = "";
				YACCFLAGS = "-d";
				OTHER_REZFLAGS = "";
				SECTORDER_FLAGS = "";
				WARNING_CFLAGS = "";
				PREBINDING = NO;
				INFOPLIST_FILE = "Info.plist";
				BUILD_ROOT = "/Users/jeff/Documents/CamView/camview/src";
				OTHER_LDFLAGS = (
						"-headerpad_max_install_names",
						"-L/Library/Frameworks",
						"-F/Library/Frameworks");
				INSTALL_DIR = "/Users/jeff/Documents/CamView/camview/src/../bin/";
				DYLIB_CURRENT_VERSION = "1.0.0";
				DYLIB_COMPATIBILITY_VERSION = "1.0";
				MACOSX_DEPLOYMENT_TARGET = "10.4";
				OBJROOT = ".build/";
				PRODUCT_NAME = "test";
			};
			conditionalBuildSettings = {
			};
			dependencies = (
				);
			productReference = "C8712F528A1078B42A55817D";
			shouldUseHeadermap = 1;
			buildConfigurationList = 17B3380A4D6A7D415E7F2E1E;
			isa = PBXNativeTarget;
			productType = "com.apple.product-type.application";
			productSettingsXML = "<?xml version=\"1.0\" encoding=\"UTF-8\"?>
<!DOCTYPE plist SYSTEM \"file://localhost/System/Library/DTDs/PropertyList.dtd\">
<plist version=\"0.9\">
<dict>
	<key>NSPrincipalClass</key>
	<string>NSApplication</string>
	<key>CFBundleIconFile</key>
	<string></string>
	<key>CFBundlePackageType</key>
	<string>APPL</string>
 	<key>CFBundleGetInfoString</key>
	<string>Created by Qt/QMake</string>
	<key>CFBundleSignature</key>
	<string>????</string>
	<key>CFBundleExecutable</key>
	<string>test</string>
	<key>CFBundleIdentifier</key>
	<string>com.yourcompany.test</string>
	<key>NOTE</key>
	<string>This file was generated by Qt/QMake.</string>
</dict>
</plist>
";
			name = "test";
			productName = "test";
			startupPath = "<<ProjectDirectory>>";
			productInstallPath = "../bin/";
		};
		4B72B24813252891014BCF61 = {
			isa = XCBuildConfiguration;
			buildSettings = {
				COPY_PHASE_STRIP = "NO";
				GCC_GENERATE_DEBUGGING_SYMBOLS = "YES";
				GCC_OPTIMIZATION_LEVEL = "0";
				PRODUCT_NAME = "test";
				HEADER_SEARCH_PATHS = (
					"/Library/Frameworks/QtCore.framework/Versions/4/Headers",
					"/usr/include/QtCore",
					"/Library/Frameworks/QtGui.framework/Versions/4/Headers",
					"/usr/include/QtGui",
					"/usr/include",
					".",
					".build",
					"parser",
					"parser/record",
					"symbol",
					".build",
					"/usr/local/include",
					"/System/Library/Frameworks/CarbonCore.framework/Headers",
					"/usr/local/Qt4.8/mkspecs/macx-xcode");
				LIBRARY_SEARCH_PATHS = (
					"/Library/Frameworks");
				FRAMEWORK_SEARCH_PATHS = (
					"/Library/Frameworks",
					"/Library/Frameworks");
				INFOPLIST_FILE = "Info.plist";
				OTHER_CFLAGS = (
					"-pipe",
					"-g",
					"-Wall",
					"-W",
					"-DQT_GUI_LIB",
					"-DQT_CORE_LIB",
					"-DQT_SHARED");
				OTHER_CPLUSPLUSFLAGS = (
					"-pipe",
					"-g",
					"-Wall",
					"-W",
					"-DQT_GUI_LIB",
					"-DQT_CORE_LIB",
					"-DQT_SHARED");
				OTHER_LDFLAGS = (
						"-headerpad_max_install_names",
						"-L/Library/Frameworks",
						"-F/Library/Frameworks");
				ARCHS = "x86_64";
			};
			name = "Debug";
		};
		BEC09A62E69C3553534FF35E = {
			isa = XCBuildConfiguration;
			buildSettings = {
				COPY_PHASE_STRIP = "NO";
				GCC_GENERATE_DEBUGGING_SYMBOLS = "YES";
				GCC_OPTIMIZATION_LEVEL = "0";
				PRODUCT_NAME = "test";
				PRODUCT_NAME = "test";
			};
			name = "Debug";
		};
		2C641C3335766025DD51B7BD = {
			buildRules = (
				);
			buildSettings = {
				COPY_PHASE_STRIP = "NO";
				GCC_GENERATE_DEBUGGING_SYMBOLS = "YES";
				GCC_OPTIMIZATION_LEVEL = "0";
				PRODUCT_NAME = "test";
			};
			isa = "PBXBuildStyle";
			name = "Debug";
		};
		D70590BEB531B51029F711BB = {
			isa = XCBuildConfiguration;
			buildSettings = {
				COPY_PHASE_STRIP = "YES";
				GCC_GENERATE_DEBUGGING_SYMBOLS = "NO";
				PRODUCT_NAME = "test";
				HEADER_SEARCH_PATHS = (
					"/Library/Frameworks/QtCore.framework/Versions/4/Headers",
					"/usr/include/QtCore",
					"/Library/Frameworks/QtGui.framework/Versions/4/Headers",
					"/usr/include/QtGui",
					"/usr/include",
					".",
					".build",
					"parser",
					"parser/record",
					"symbol",
					".build",
					"/usr/local/include",
					"/System/Library/Frameworks/CarbonCore.framework/Headers",
					"/usr/local/Qt4.8/mkspecs/macx-xcode");
				LIBRARY_SEARCH_PATHS = (
					"/Library/Frameworks");
				FRAMEWORK_SEARCH_PATHS = (
					"/Library/Frameworks",
					"/Library/Frameworks");
				INFOPLIST_FILE = "Info.plist";
				OTHER_CFLAGS = (
					"-pipe",
					"-g",
					"-Wall",
					"-W",
					"-DQT_GUI_LIB",
					"-DQT_CORE_LIB",
					"-DQT_SHARED");
				OTHER_CPLUSPLUSFLAGS = (
					"-pipe",
					"-g",
					"-Wall",
					"-W",
					"-DQT_GUI_LIB",
					"-DQT_CORE_LIB",
					"-DQT_SHARED");
				OTHER_LDFLAGS = (
						"-headerpad_max_install_names",
						"-L/Library/Frameworks",
						"-F/Library/Frameworks");
				ARCHS = "x86_64";
			};
			name = "Release";
		};
		8C7174830A1E4DCBA0332EC1 = {
			isa = XCBuildConfiguration;
			buildSettings = {
				COPY_PHASE_STRIP = "YES";
				GCC_GENERATE_DEBUGGING_SYMBOLS = "NO";
				PRODUCT_NAME = "test";
				PRODUCT_NAME = "test";
			};
			name = "Release";
		};
		26DE8D2AEA4B3714B41E931F = {
			buildRules = (
				);
			buildSettings = {
				COPY_PHASE_STRIP = "YES";
				GCC_GENERATE_DEBUGGING_SYMBOLS = "NO";
				PRODUCT_NAME = "test";
			};
			isa = "PBXBuildStyle";
			name = "Release";
		};
		CC82A9286117DFED018F418F = {
			isa = XCConfigurationList;
			buildConfigurations = (
				"4B72B24813252891014BCF61",
				"D70590BEB531B51029F711BB");
			defaultConfigurationIsVisible = 0;
			defaultConfigurationIsName = "Debug";
		};
		17B3380A4D6A7D415E7F2E1E = {
			isa = XCConfigurationList;
			buildConfigurations = (
				"BEC09A62E69C3553534FF35E",
				"8C7174830A1E4DCBA0332EC1");
			defaultConfigurationIsVisible = 0;
			defaultConfigurationIsName = "Debug";
		};
		91B15E841AA80083484172DE = {
			buildStyles = (
				"2C641C3335766025DD51B7BD",
				"26DE8D2AEA4B3714B41E931F");
			hasScannedForEncodings = 1;
			isa = PBXProject;
			mainGroup = "05596AB53D8D521C69802C27";
			buildConfigurationList = "CC82A9286117DFED018F418F";
			projectDirPath = "";
			targets = (
				"D071C4507642D06CB0D15311");
		};
	};
	rootObject = "91B15E841AA80083484172DE";
}
