// !$*UTF8*$!
{
	archiveVersion = 1;
	classes = {
	};
	objectVersion = 34;
	objects = {
		D192391E8513DAFDC8F1114F = {
			buildRules = (
				);
			buildSettings = {
				COPY_PHASE_STRIP = "NO";
			};
			isa = PBXBuildStyle;
			name = "Development";
		};
		A32EF7352DF415CC5F1A95CE = {
			buildRules = (
				);
			buildSettings = {
				COPY_PHASE_STRIP = "YES";
				GCC_GENERATE_DEBUGGING_SYMBOLS = "NO";
			};
			isa = PBXBuildStyle;
			name = "Deployment";
		};
		0E71022E8970293824BA089C = {
			children = (
				);
			isa = PBXGroup;
			refType = 4;
			sourceTree = "<group>";
		};
		83F5E4B52EF1918F746DF6D4 = {
			buildSettings = {
			};
			buildStyles = (
				"D192391E8513DAFDC8F1114F");
			isa = PBXProject;
			mainGroup = "0E71022E8970293824BA089C";
			projectDirPath = "";
			projectReferences = (
			);
			targets = (
				);
		};
	};
	rootObject = "83F5E4B52EF1918F746DF6D4";
}
